NeoBundleLock Wombat 600a27a126a32a1c7fd5d46727c2bb488d8e7465
NeoBundleLock Wombat256.vim 8734ba45dcf5e38c4d2686b35c94f9fcb30427e2
NeoBundleLock badwolf 14fd1e142fdd39d21c7818504497a6eeca82f724
NeoBundleLock chlordane.vim 79defe61dd5f738eb4cb378c9da4899300087641
NeoBundleLock neocomplete.vim 970cba438d3baf8239ccaaf53105bf880732507f
NeoBundleLock neomru.vim 8f24671c8e1f06f8f85f64769a00bdb126ce5a8d
NeoBundleLock nerdtree 5782b228e495c733af4ba2e547e5dc44ebc8bc25
NeoBundleLock tcomment_vim c66a6dab214e3944259acef423b924c994a853b9
NeoBundleLock tender.vim 6b0497a59233b3e67fb528a498069eb1d24743f9
NeoBundleLock twilight 61d8d3e49507ae69d32951d63edf9755c87f4da6
NeoBundleLock unite.vim ad15f96365b5cb43a45d0ca779df6a497f954f15
NeoBundleLock vim-arduino-syntax 83f766d22e9d0561f389904f27e894234dfa8d96
NeoBundleLock vim-hybrid cc58baabeabc7b83768e25b852bf89c34756bf90
NeoBundleLock vim-indent-guides b40687195c01caf40f62d20093296590b48e3a75
NeoBundleLock vimfiler 90547cfa7e697f0bcfecc2f3e2a5867273dfaf68
